<?xml version="1.0" encoding="UTF-8" standalone="yes" ?>
<CodeBlocks_project_file>
	<FileVersion major="1" minor="6" />
	<Project>
		<Option title="aerfpilot" />
		<Option pch_mode="2" />
		<Option compiler="null" />
		<Build>
			<Target title="Release">
				<Option output="bin/Release/aerfpilot" prefix_auto="1" extension_auto="1" />
				<Option object_output="obj/Release/" />
				<Option type="1" />
				<Option compiler="null" />
			</Target>
		</Build>
		<Unit filename=".travis.yml" />
		<Unit filename="ArduPlane/APM_Config.h" />
		<Unit filename="ArduPlane/APM_Config.h.reference" />
		<Unit filename="ArduPlane/ArduPlane.cpp" />
		<Unit filename="ArduPlane/Attitude.cpp" />
		<Unit filename="ArduPlane/GCS_Mavlink.cpp" />
		<Unit filename="ArduPlane/Log.cpp" />
		<Unit filename="ArduPlane/Makefile" />
		<Unit filename="ArduPlane/Parameters.cpp" />
		<Unit filename="ArduPlane/Parameters.h" />
		<Unit filename="ArduPlane/Plane.cpp" />
		<Unit filename="ArduPlane/Plane.h" />
		<Unit filename="ArduPlane/a_build.sh" />
		<Unit filename="ArduPlane/adsb.cpp" />
		<Unit filename="ArduPlane/altitude.cpp" />
		<Unit filename="ArduPlane/arming_checks.cpp" />
		<Unit filename="ArduPlane/autotune.cpp" />
		<Unit filename="ArduPlane/capabilities.cpp" />
		<Unit filename="ArduPlane/commands.cpp" />
		<Unit filename="ArduPlane/commands_logic.cpp" />
		<Unit filename="ArduPlane/commands_process.cpp" />
		<Unit filename="ArduPlane/config.h" />
		<Unit filename="ArduPlane/control_modes.cpp" />
		<Unit filename="ArduPlane/defines.h" />
		<Unit filename="ArduPlane/events.cpp" />
		<Unit filename="ArduPlane/failsafe.cpp" />
		<Unit filename="ArduPlane/geofence.cpp" />
		<Unit filename="ArduPlane/is_flying.cpp" />
		<Unit filename="ArduPlane/landing.cpp" />
		<Unit filename="ArduPlane/make.inc" />
		<Unit filename="ArduPlane/mixer.cpp" />
		<Unit filename="ArduPlane/mixers/default_mixer.cpp" />
		<Unit filename="ArduPlane/mixers/disco_mixer.cpp" />
		<Unit filename="ArduPlane/mixers/falcon_mixer.cpp" />
		<Unit filename="ArduPlane/mixers/sitl_mixer.cpp" />
		<Unit filename="ArduPlane/mixers/tranquility_mixer.cpp" />
		<Unit filename="ArduPlane/navigation.cpp" />
		<Unit filename="ArduPlane/osd.cpp" />
		<Unit filename="ArduPlane/radio.cpp" />
		<Unit filename="ArduPlane/scheduled_tasks_rc_chan_seq.txt" />
		<Unit filename="ArduPlane/sensors.cpp" />
		<Unit filename="ArduPlane/setup.cpp" />
		<Unit filename="ArduPlane/start_sim.sh" />
		<Unit filename="ArduPlane/system.cpp" />
		<Unit filename="ArduPlane/takeoff.cpp" />
		<Unit filename="ArduPlane/test.cpp" />
		<Unit filename="Makefile" />
		<Unit filename="Tools/FlightGear/FGShim.c">
			<Option compilerVar="CC" />
		</Unit>
		<Unit filename="Tools/FlightGear/MAVLink.xml" />
		<Unit filename="Tools/FlightGear/Makefile" />
		<Unit filename="Tools/FlightGear/colinsauze/FGShim.c">
			<Option compilerVar="CC" />
		</Unit>
		<Unit filename="Tools/FlightGear/colinsauze/Makefile" />
		<Unit filename="Tools/FlightGear/colinsauze/Mavlink.xml" />
		<Unit filename="Tools/FlightGear/colinsauze/fgfs" />
		<Unit filename="Tools/FlightGear/colinsauze/start_flightgear.sh" />
		<Unit filename="Tools/FlightGear/fgfs" />
		<Unit filename="Tools/autotest/fg_plane_view.sh" />
		<Unit filename="Tools/autotest/fg_plane_view1.sh" />
		<Unit filename="Tools/autotest/locations.txt" />
		<Unit filename="Tools/autotest/run_in_terminal_window.sh" />
		<Unit filename="Tools/autotest/sim_vehicle.sh" />
		<Unit filename="build_aerflite.sh" />
		<Unit filename="build_disco.sh" />
		<Unit filename="build_falcon.sh" />
		<Unit filename="build_quan.sh" />
		<Unit filename="build_sitl.sh" />
		<Unit filename="build_tranq.sh" />
		<Unit filename="docs/README" />
		<Unit filename="docs/SITL/FlightGearSim/ardupilot_flightgear_sim_commands.txt" />
		<Unit filename="docs/SITL/FlightGearSim/connecting to flightgear.txt" />
		<Unit filename="docs/SITL/FlightGearSim/easystar_fgstart.sh" />
		<Unit filename="docs/SITL/FlightGearSim/fgstart.sh" />
		<Unit filename="docs/SITL/FlightGearSim/flightgear_quickstart.txt" />
		<Unit filename="docs/SITL/FlightGearSim/flightgear_quickstart_from_sitl_joystick_branch_of_official_ardupilot.txt" />
		<Unit filename="docs/SITL/FlightGearSim/flightgear_start_options.txt" />
		<Unit filename="docs/SITL/FlightGearSim/mavproxy_setup_fg_joystick.txt" />
		<Unit filename="docs/SITL/controlling_flightgear_externally.txt" />
		<Unit filename="docs/aerflite_uarts.txt" />
		<Unit filename="docs/developer/compass_setup.txt" />
		<Unit filename="docs/imu_sensor_flipping.txt" />
		<Unit filename="docs/sitl.md" />
		<Unit filename="docs/temp_params_setup.txt" />
		<Unit filename="libraries/APM_Control/APM_Control.h" />
		<Unit filename="libraries/APM_Control/AP_AutoTune.cpp" />
		<Unit filename="libraries/APM_Control/AP_AutoTune.h" />
		<Unit filename="libraries/APM_Control/AP_PitchController.cpp" />
		<Unit filename="libraries/APM_Control/AP_PitchController.h" />
		<Unit filename="libraries/APM_Control/AP_RollController.cpp" />
		<Unit filename="libraries/APM_Control/AP_RollController.h" />
		<Unit filename="libraries/APM_Control/AP_SteerController.cpp" />
		<Unit filename="libraries/APM_Control/AP_SteerController.h" />
		<Unit filename="libraries/APM_Control/AP_YawController.cpp" />
		<Unit filename="libraries/APM_Control/AP_YawController.h" />
		<Unit filename="libraries/APM_Control/TuningGuide.txt" />
		<Unit filename="libraries/AP_AHRS/AP_AHRS.cpp" />
		<Unit filename="libraries/AP_AHRS/AP_AHRS.h" />
		<Unit filename="libraries/AP_AHRS/AP_AHRS_DCM.cpp" />
		<Unit filename="libraries/AP_AHRS/AP_AHRS_DCM.h" />
		<Unit filename="libraries/AP_AHRS/examples/AHRS_Test/AHRS_Test.cpp" />
		<Unit filename="libraries/AP_AHRS/examples/Test1/Makefile" />
		<Unit filename="libraries/AP_AHRS/examples/Test1/build_aerflite.sh" />
		<Unit filename="libraries/AP_AHRS/examples/Test1/make.inc" />
		<Unit filename="libraries/AP_AHRS/examples/Test1/osd.cpp" />
		<Unit filename="libraries/AP_AHRS/examples/Test1/osd_message.hpp" />
		<Unit filename="libraries/AP_AHRS/examples/Test1/test.cpp" />
		<Unit filename="libraries/AP_Airspeed/AP_Airspeed.cpp" />
		<Unit filename="libraries/AP_Airspeed/AP_Airspeed.h" />
		<Unit filename="libraries/AP_Airspeed/AP_Airspeed_Backend.h" />
		<Unit filename="libraries/AP_Airspeed/AP_Airspeed_Quan.cpp" />
		<Unit filename="libraries/AP_Airspeed/AP_Airspeed_Quan.h" />
		<Unit filename="libraries/AP_Airspeed/AP_Airspeed_analog.cpp" />
		<Unit filename="libraries/AP_Airspeed/AP_Airspeed_analog.h" />
		<Unit filename="libraries/AP_Airspeed/AP_Airspeed_sdp3x.cpp" />
		<Unit filename="libraries/AP_Airspeed/AP_Airspeed_sdp3x.hpp" />
		<Unit filename="libraries/AP_Airspeed/Airspeed_Calibration.cpp" />
		<Unit filename="libraries/AP_Airspeed/Airspeed_Calibration.h" />
		<Unit filename="libraries/AP_Airspeed/examples/Airspeed/Airspeed.cpp" />
		<Unit filename="libraries/AP_Arming/AP_Arming.cpp" />
		<Unit filename="libraries/AP_Arming/AP_Arming.h" />
		<Unit filename="libraries/AP_Baro/AP_Baro.cpp" />
		<Unit filename="libraries/AP_Baro/AP_Baro.h" />
		<Unit filename="libraries/AP_Baro/AP_Baro_HIL.cpp" />
		<Unit filename="libraries/AP_Baro/AP_Baro_HIL.h" />
		<Unit filename="libraries/AP_Baro/AP_Baro_Quan.cpp" />
		<Unit filename="libraries/AP_Baro/AP_Baro_Quan.h" />
		<Unit filename="libraries/AP_Baro/AP_baro_driver.cpp" />
		<Unit filename="libraries/AP_Baro/AP_baro_driver.h" />
		<Unit filename="libraries/AP_BattMonitor/AP_BattMonitor.cpp" />
		<Unit filename="libraries/AP_BattMonitor/AP_BattMonitor.h" />
		<Unit filename="libraries/AP_BattMonitor/AP_BattMonitor_Analog.cpp" />
		<Unit filename="libraries/AP_BattMonitor/AP_BattMonitor_Analog.h" />
		<Unit filename="libraries/AP_BattMonitor/AP_BattMonitor_Backend.cpp" />
		<Unit filename="libraries/AP_BattMonitor/AP_BattMonitor_Backend.h" />
		<Unit filename="libraries/AP_BattMonitor/AP_BattMonitor_Bebop.cpp" />
		<Unit filename="libraries/AP_Buffer/AP_Buffer.h" />
		<Unit filename="libraries/AP_Compass/AP_Compass.h" />
		<Unit filename="libraries/AP_Compass/AP_Compass_Backend.cpp" />
		<Unit filename="libraries/AP_Compass/AP_Compass_Backend.h" />
		<Unit filename="libraries/AP_Compass/AP_Compass_Calibration.cpp" />
		<Unit filename="libraries/AP_Compass/AP_Compass_HIL.cpp" />
		<Unit filename="libraries/AP_Compass/AP_Compass_HIL.h" />
		<Unit filename="libraries/AP_Compass/AP_Compass_Quan.cpp" />
		<Unit filename="libraries/AP_Compass/AP_Compass_Quan.h" />
		<Unit filename="libraries/AP_Compass/Compass.cpp" />
		<Unit filename="libraries/AP_Compass/Compass.h" />
		<Unit filename="libraries/AP_Compass/CompassCalibrator.cpp" />
		<Unit filename="libraries/AP_Compass/CompassCalibrator.h" />
		<Unit filename="libraries/AP_Compass/Compass_learn.cpp" />
		<Unit filename="libraries/AP_Compass/compass_product_id.hpp" />
		<Unit filename="libraries/AP_Declination/AP_Declination.cpp" />
		<Unit filename="libraries/AP_Declination/AP_Declination.h" />
		<Unit filename="libraries/AP_Declination/examples/AP_Declination_test/AP_Declination_test.cpp" />
		<Unit filename="libraries/AP_Declination/examples/AP_Declination_test/Makefile" />
		<Unit filename="libraries/AP_Declination/examples/AP_Declination_test/make.inc" />
		<Unit filename="libraries/AP_GPS/AP_GPS.cpp" />
		<Unit filename="libraries/AP_GPS/AP_GPS.h" />
		<Unit filename="libraries/AP_GPS/AP_GPS_GSOF.cpp" />
		<Unit filename="libraries/AP_GPS/AP_GPS_GSOF.h" />
		<Unit filename="libraries/AP_GPS/AP_GPS_MTK.cpp" />
		<Unit filename="libraries/AP_GPS/AP_GPS_MTK.h" />
		<Unit filename="libraries/AP_GPS/AP_GPS_MTK19.cpp" />
		<Unit filename="libraries/AP_GPS/AP_GPS_MTK19.h" />
		<Unit filename="libraries/AP_GPS/AP_GPS_MTK_Common.h" />
		<Unit filename="libraries/AP_GPS/AP_GPS_NMEA.cpp" />
		<Unit filename="libraries/AP_GPS/AP_GPS_NMEA.h" />
		<Unit filename="libraries/AP_GPS/AP_GPS_SBF.cpp" />
		<Unit filename="libraries/AP_GPS/AP_GPS_SBF.h" />
		<Unit filename="libraries/AP_GPS/AP_GPS_SBP.cpp" />
		<Unit filename="libraries/AP_GPS/AP_GPS_SBP.h" />
		<Unit filename="libraries/AP_GPS/AP_GPS_SIRF.cpp" />
		<Unit filename="libraries/AP_GPS/AP_GPS_SIRF.h" />
		<Unit filename="libraries/AP_GPS/AP_GPS_UBLOX.cpp" />
		<Unit filename="libraries/AP_GPS/AP_GPS_UBLOX.h" />
		<Unit filename="libraries/AP_GPS/GPS_Backend.cpp" />
		<Unit filename="libraries/AP_GPS/GPS_Backend.h" />
		<Unit filename="libraries/AP_GPS/GPS_detect_state.h" />
		<Unit filename="libraries/AP_GPS/examples/GPS_AUTO_test/GPS_AUTO_test.cpp" />
		<Unit filename="libraries/AP_HAL/AP_HAL.h" />
		<Unit filename="libraries/AP_HAL/AP_HAL_Boards.h" />
		<Unit filename="libraries/AP_HAL/AP_HAL_Macros.h" />
		<Unit filename="libraries/AP_HAL/AP_HAL_Main.h" />
		<Unit filename="libraries/AP_HAL/AP_HAL_Namespace.h" />
		<Unit filename="libraries/AP_HAL/AnalogIn.h" />
		<Unit filename="libraries/AP_HAL/GPIO.h" />
		<Unit filename="libraries/AP_HAL/HAL.cpp" />
		<Unit filename="libraries/AP_HAL/HAL.h" />
		<Unit filename="libraries/AP_HAL/I2CDriver.h" />
		<Unit filename="libraries/AP_HAL/RCInput.h" />
		<Unit filename="libraries/AP_HAL/RCOutput.h" />
		<Unit filename="libraries/AP_HAL/SPIDriver.h" />
		<Unit filename="libraries/AP_HAL/Scheduler.h" />
		<Unit filename="libraries/AP_HAL/Semaphores.h" />
		<Unit filename="libraries/AP_HAL/Storage.h" />
		<Unit filename="libraries/AP_HAL/UARTDriver.cpp" />
		<Unit filename="libraries/AP_HAL/UARTDriver.h" />
		<Unit filename="libraries/AP_HAL/Util.cpp" />
		<Unit filename="libraries/AP_HAL/Util.h" />
		<Unit filename="libraries/AP_HAL/board/Quan.h" />
		<Unit filename="libraries/AP_HAL/board/Sitl.h">
			<Option target="&lt;{~None~}&gt;" />
		</Unit>
		<Unit filename="libraries/AP_HAL/examples/UART_test/UART_test.cpp" />
		<Unit filename="libraries/AP_HAL/system.h" />
		<Unit filename="libraries/AP_HAL/utility/Socket.cpp" />
		<Unit filename="libraries/AP_HAL/utility/Socket.h" />
		<Unit filename="libraries/AP_HAL_Quan/AP_HAL_Quan.h" />
		<Unit filename="libraries/AP_HAL_Quan/AP_HAL_Quan_Main.h" />
		<Unit filename="libraries/AP_HAL_Quan/AP_HAL_Quan_Namespace.h" />
		<Unit filename="libraries/AP_HAL_Quan/AP_HAL_Quan_Private.h" />
		<Unit filename="libraries/AP_HAL_Quan/AnalogIn.cpp" />
		<Unit filename="libraries/AP_HAL_Quan/AnalogIn.h" />
		<Unit filename="libraries/AP_HAL_Quan/GPIO.cpp" />
		<Unit filename="libraries/AP_HAL_Quan/GPIO.h" />
		<Unit filename="libraries/AP_HAL_Quan/HAL_Quan_Class.cpp" />
		<Unit filename="libraries/AP_HAL_Quan/HAL_Quan_Class.h" />
		<Unit filename="libraries/AP_HAL_Quan/I2CDriver.cpp" />
		<Unit filename="libraries/AP_HAL_Quan/I2CDriver.h" />
		<Unit filename="libraries/AP_HAL_Quan/PrivateMember.cpp" />
		<Unit filename="libraries/AP_HAL_Quan/PrivateMember.h" />
		<Unit filename="libraries/AP_HAL_Quan/RCInput.cpp" />
		<Unit filename="libraries/AP_HAL_Quan/RCInput.h" />
		<Unit filename="libraries/AP_HAL_Quan/RCOutput.cpp" />
		<Unit filename="libraries/AP_HAL_Quan/RCOutput.h" />
		<Unit filename="libraries/AP_HAL_Quan/SPIDriver.cpp" />
		<Unit filename="libraries/AP_HAL_Quan/SPIDriver.h" />
		<Unit filename="libraries/AP_HAL_Quan/Scheduler.cpp" />
		<Unit filename="libraries/AP_HAL_Quan/Scheduler.h" />
		<Unit filename="libraries/AP_HAL_Quan/Semaphores.cpp" />
		<Unit filename="libraries/AP_HAL_Quan/Semaphores.h" />
		<Unit filename="libraries/AP_HAL_Quan/Storage.cpp" />
		<Unit filename="libraries/AP_HAL_Quan/Storage.h" />
		<Unit filename="libraries/AP_HAL_Quan/UARTDriver.cpp" />
		<Unit filename="libraries/AP_HAL_Quan/UARTDriver.h" />
		<Unit filename="libraries/AP_HAL_Quan/Util.h" />
		<Unit filename="libraries/AP_HAL_Quan/ap_param_archetype.hpp" />
		<Unit filename="libraries/AP_HAL_Quan/bmi_160.cpp" />
		<Unit filename="libraries/AP_HAL_Quan/bmi_160.hpp" />
		<Unit filename="libraries/AP_HAL_Quan/bmp_280.cpp" />
		<Unit filename="libraries/AP_HAL_Quan/bmp_280.hpp" />
		<Unit filename="libraries/AP_HAL_Quan/eeprom.cpp" />
		<Unit filename="libraries/AP_HAL_Quan/eeprom.hpp" />
		<Unit filename="libraries/AP_HAL_Quan/i2c/i2c_addresses.txt" />
		<Unit filename="libraries/AP_HAL_Quan/i2c/i2c_driver/i2c_debug.cpp" />
		<Unit filename="libraries/AP_HAL_Quan/i2c/i2c_driver/i2c_debug.hpp" />
		<Unit filename="libraries/AP_HAL_Quan/i2c/i2c_driver/i2c_driver.cpp" />
		<Unit filename="libraries/AP_HAL_Quan/i2c/i2c_driver/i2c_driver.hpp" />
		<Unit filename="libraries/AP_HAL_Quan/i2c/i2c_driver/i2c_eeprom_driver.cpp" />
		<Unit filename="libraries/AP_HAL_Quan/i2c/i2c_driver/i2c_eeprom_driver.hpp" />
		<Unit filename="libraries/AP_HAL_Quan/i2c/i2c_driver/i2c_periph.cpp" />
		<Unit filename="libraries/AP_HAL_Quan/i2c/i2c_driver/i2c_periph.hpp" />
		<Unit filename="libraries/AP_HAL_Quan/i2c/i2c_driver/i2c_read_write_driver.cpp" />
		<Unit filename="libraries/AP_HAL_Quan/i2c/i2c_driver/i2c_read_write_driver.hpp" />
		<Unit filename="libraries/AP_HAL_Quan/i2c/i2c_driver/i2c_register_based_driver.cpp" />
		<Unit filename="libraries/AP_HAL_Quan/i2c/i2c_driver/i2c_register_based_driver.hpp" />
		<Unit filename="libraries/AP_HAL_Quan/i2c_task.cpp" />
		<Unit filename="libraries/AP_HAL_Quan/i2c_task.hpp" />
		<Unit filename="libraries/AP_HAL_Quan/i2c_task_aerflite.cpp" />
		<Unit filename="libraries/AP_HAL_Quan/imu_task.cpp" />
		<Unit filename="libraries/AP_HAL_Quan/imu_task.hpp" />
		<Unit filename="libraries/AP_HAL_Quan/imu_task_aerflite.cpp" />
		<Unit filename="libraries/AP_HAL_Quan/lis3_mdl.cpp" />
		<Unit filename="libraries/AP_HAL_Quan/lis3_mdl.hpp" />
		<Unit filename="libraries/AP_HAL_Quan/sdp3x_i2c.cpp" />
		<Unit filename="libraries/AP_HAL_Quan/sdp3x_i2c.hpp" />
		<Unit filename="libraries/AP_HAL_Quan/spi.h" />
		<Unit filename="libraries/AP_HAL_Quan/system.cpp" />
		<Unit filename="libraries/AP_HAL_Quan/test/AHRS/Makefile" />
		<Unit filename="libraries/AP_HAL_Quan/test/AHRS/build_aerflite.sh" />
		<Unit filename="libraries/AP_HAL_Quan/test/AHRS/build_quan.sh" />
		<Unit filename="libraries/AP_HAL_Quan/test/AHRS/main.cpp" />
		<Unit filename="libraries/AP_HAL_Quan/test/AHRS/make.inc" />
		<Unit filename="libraries/AP_HAL_Quan/test/AHRS/osd.cpp" />
		<Unit filename="libraries/AP_HAL_Quan/test/AHRS/osd_message.hpp" />
		<Unit filename="libraries/AP_HAL_Quan/test/AP_Compass_test/AP_Compass_test.bin" />
		<Unit filename="libraries/AP_HAL_Quan/test/AP_Compass_test/AP_Compass_test.cpp" />
		<Unit filename="libraries/AP_HAL_Quan/test/AP_Compass_test/AP_Compass_test.lst" />
		<Unit filename="libraries/AP_HAL_Quan/test/AP_Compass_test/Makefile" />
		<Unit filename="libraries/AP_HAL_Quan/test/Airspeed/Airspeed.cpp" />
		<Unit filename="libraries/AP_HAL_Quan/test/Airspeed/Makefile" />
		<Unit filename="libraries/AP_HAL_Quan/test/Airspeed/make.inc" />
		<Unit filename="libraries/AP_HAL_Quan/test/BatteryMonitor/Makefile" />
		<Unit filename="libraries/AP_HAL_Quan/test/BatteryMonitor/build_aerflite.sh" />
		<Unit filename="libraries/AP_HAL_Quan/test/BatteryMonitor/main.cpp" />
		<Unit filename="libraries/AP_HAL_Quan/test/BatteryMonitor/make.inc" />
		<Unit filename="libraries/AP_HAL_Quan/test/CompassCal/CompassCal.cpp" />
		<Unit filename="libraries/AP_HAL_Quan/test/CompassCal/Makefile" />
		<Unit filename="libraries/AP_HAL_Quan/test/CompassCal/build_aerflite.sh" />
		<Unit filename="libraries/AP_HAL_Quan/test/CompassCal/make.inc" />
		<Unit filename="libraries/AP_HAL_Quan/test/CompassCal/osd_on_draw.cpp" />
		<Unit filename="libraries/AP_HAL_Quan/test/CompassCal/upload_aerflite.sh" />
		<Unit filename="libraries/AP_HAL_Quan/test/GPS_AUTO_test/GPS_AUTO_test.cpp" />
		<Unit filename="libraries/AP_HAL_Quan/test/GPS_AUTO_test/Makefile" />
		<Unit filename="libraries/AP_HAL_Quan/test/GPS_AUTO_test/build_aerflite.sh" />
		<Unit filename="libraries/AP_HAL_Quan/test/GPS_AUTO_test/make.inc" />
		<Unit filename="libraries/AP_HAL_Quan/test/INS_generic/INS_generic.cpp" />
		<Unit filename="libraries/AP_HAL_Quan/test/INS_generic/Makefile" />
		<Unit filename="libraries/AP_HAL_Quan/test/INS_generic/build_aerflite.sh" />
		<Unit filename="libraries/AP_HAL_Quan/test/INS_generic/build_quan.sh" />
		<Unit filename="libraries/AP_HAL_Quan/test/INS_generic/make.inc" />
		<Unit filename="libraries/AP_HAL_Quan/test/RCInput/rcinput_test.cpp" />
		<Unit filename="libraries/AP_HAL_Quan/test/RC_Channel/RC_Channel.cpp" />
		<Unit filename="libraries/AP_HAL_Quan/test/SDP3x/Makefile" />
		<Unit filename="libraries/AP_HAL_Quan/test/SDP3x/SDP3x.cpp" />
		<Unit filename="libraries/AP_HAL_Quan/test/SDP3x/build_aerflite.sh" />
		<Unit filename="libraries/AP_HAL_Quan/test/SDP3x/make.inc" />
		<Unit filename="libraries/AP_HAL_Quan/test/SDP3x/upload.sh" />
		<Unit filename="libraries/AP_HAL_Quan/test/SPIDriver/spi_test.cpp" />
		<Unit filename="libraries/AP_HAL_SITL/AP_HAL_SITL.h" />
		<Unit filename="libraries/AP_HAL_SITL/AP_HAL_SITL_Namespace.h" />
		<Unit filename="libraries/AP_HAL_SITL/AP_HAL_SITL_Private.h" />
		<Unit filename="libraries/AP_HAL_SITL/AnalogIn.cpp" />
		<Unit filename="libraries/AP_HAL_SITL/AnalogIn.h" />
		<Unit filename="libraries/AP_HAL_SITL/HAL_SITL_Class.cpp" />
		<Unit filename="libraries/AP_HAL_SITL/HAL_SITL_Class.h" />
		<Unit filename="libraries/AP_HAL_SITL/RCInput.cpp" />
		<Unit filename="libraries/AP_HAL_SITL/RCInput.h" />
		<Unit filename="libraries/AP_HAL_SITL/RCOutput.cpp" />
		<Unit filename="libraries/AP_HAL_SITL/RCOutput.h" />
		<Unit filename="libraries/AP_HAL_SITL/SITL_State.cpp" />
		<Unit filename="libraries/AP_HAL_SITL/SITL_State.h" />
		<Unit filename="libraries/AP_HAL_SITL/SITL_cmdline.cpp" />
		<Unit filename="libraries/AP_HAL_SITL/Scheduler.cpp" />
		<Unit filename="libraries/AP_HAL_SITL/Scheduler.h" />
		<Unit filename="libraries/AP_HAL_SITL/Storage.cpp" />
		<Unit filename="libraries/AP_HAL_SITL/Storage.h" />
		<Unit filename="libraries/AP_HAL_SITL/UARTDriver.cpp" />
		<Unit filename="libraries/AP_HAL_SITL/UARTDriver.h" />
		<Unit filename="libraries/AP_HAL_SITL/Util.h" />
		<Unit filename="libraries/AP_HAL_SITL/fenv_polyfill.h" />
		<Unit filename="libraries/AP_HAL_SITL/sitl_barometer.cpp" />
		<Unit filename="libraries/AP_HAL_SITL/sitl_compass.cpp" />
		<Unit filename="libraries/AP_HAL_SITL/sitl_gps.cpp" />
		<Unit filename="libraries/AP_HAL_SITL/sitl_ins.cpp" />
		<Unit filename="libraries/AP_HAL_SITL/sitl_optical_flow.cpp" />
		<Unit filename="libraries/AP_HAL_SITL/system.cpp" />
		<Unit filename="libraries/AP_InertialSensor/AP_InertialSensor.cpp" />
		<Unit filename="libraries/AP_InertialSensor/AP_InertialSensor.h" />
		<Unit filename="libraries/AP_InertialSensor/AP_InertialSensor_Backend.cpp" />
		<Unit filename="libraries/AP_InertialSensor/AP_InertialSensor_Backend.h" />
		<Unit filename="libraries/AP_InertialSensor/AP_InertialSensor_Quan.cpp" />
		<Unit filename="libraries/AP_InertialSensor/AP_InertialSensor_Quan.h" />
		<Unit filename="libraries/AP_InertialSensor/AP_InertialSensor_SITL.cpp" />
		<Unit filename="libraries/AP_InertialSensor/AP_InertialSensor_SITL.h" />
		<Unit filename="libraries/AP_InertialSensor/AP_InertialSensor_UserInteract.h" />
		<Unit filename="libraries/AP_InertialSensor/AP_InertialSensor_UserInteract_MAVLink.cpp" />
		<Unit filename="libraries/AP_InertialSensor/AP_InertialSensor_UserInteract_MAVLink.h" />
		<Unit filename="libraries/AP_InertialSensor/AP_InertialSensor_UserInteract_Stream.cpp" />
		<Unit filename="libraries/AP_InertialSensor/AP_InertialSensor_UserInteract_Stream.h" />
		<Unit filename="libraries/AP_InertialSensor/examples/INS_generic/INS_generic.bin" />
		<Unit filename="libraries/AP_InertialSensor/examples/INS_generic/INS_generic.cpp" />
		<Unit filename="libraries/AP_InertialSensor/examples/INS_generic/INS_generic.elf" />
		<Unit filename="libraries/AP_InertialSensor/examples/INS_generic/INS_generic.lst" />
		<Unit filename="libraries/AP_InertialSensor/examples/INS_generic/Makefile" />
		<Unit filename="libraries/AP_InertialSensor/examples/INS_generic/build_aerflite.sh" />
		<Unit filename="libraries/AP_InertialSensor/examples/INS_generic/make.inc" />
		<Unit filename="libraries/AP_InertialSensor/inertial_sensor_state.h" />
		<Unit filename="libraries/AP_Math/AP_Math.cpp" />
		<Unit filename="libraries/AP_Math/AP_Math.h" />
		<Unit filename="libraries/AP_Math/edc.cpp" />
		<Unit filename="libraries/AP_Math/edc.h" />
		<Unit filename="libraries/AP_Math/keywords.txt" />
		<Unit filename="libraries/AP_Math/location.cpp" />
		<Unit filename="libraries/AP_Math/matrix3.cpp" />
		<Unit filename="libraries/AP_Math/matrix3.h" />
		<Unit filename="libraries/AP_Math/matrix_alg.cpp" />
		<Unit filename="libraries/AP_Math/polygon.cpp" />
		<Unit filename="libraries/AP_Math/polygon.h" />
		<Unit filename="libraries/AP_Math/quaternion.cpp" />
		<Unit filename="libraries/AP_Math/quaternion.h" />
		<Unit filename="libraries/AP_Math/rotations.h" />
		<Unit filename="libraries/AP_Math/vector2.cpp" />
		<Unit filename="libraries/AP_Math/vector2.h" />
		<Unit filename="libraries/AP_Math/vector3.cpp" />
		<Unit filename="libraries/AP_Math/vector3.h" />
		<Unit filename="libraries/AP_Math/vector3_volatile.h" />
		<Unit filename="libraries/AP_Math/vectorN.h" />
		<Unit filename="libraries/AP_Mission/AP_Mission.cpp" />
		<Unit filename="libraries/AP_Mission/AP_Mission.h" />
		<Unit filename="libraries/AP_Notify/AP_BoardLED.cpp" />
		<Unit filename="libraries/AP_Notify/AP_BoardLED.h" />
		<Unit filename="libraries/AP_Notify/AP_Notify.cpp" />
		<Unit filename="libraries/AP_Notify/AP_Notify.h" />
		<Unit filename="libraries/AP_Notify/Buzzer.cpp" />
		<Unit filename="libraries/AP_Notify/Buzzer.h" />
		<Unit filename="libraries/AP_Notify/ExternalLED.cpp" />
		<Unit filename="libraries/AP_Notify/ExternalLED.h" />
		<Unit filename="libraries/AP_Notify/NavioLED.cpp" />
		<Unit filename="libraries/AP_Notify/NavioLED.h" />
		<Unit filename="libraries/AP_Notify/NavioLED_I2C.cpp" />
		<Unit filename="libraries/AP_Notify/NavioLED_I2C.h" />
		<Unit filename="libraries/AP_Notify/NotifyDevice.h" />
		<Unit filename="libraries/AP_Notify/RGBLed.cpp" />
		<Unit filename="libraries/AP_Notify/RGBLed.h" />
		<Unit filename="libraries/AP_Notify/ToneAlarm_Linux.cpp" />
		<Unit filename="libraries/AP_Notify/ToneAlarm_Linux.h" />
		<Unit filename="libraries/AP_Notify/ToshibaLED.cpp" />
		<Unit filename="libraries/AP_Notify/ToshibaLED.h" />
		<Unit filename="libraries/AP_Notify/ToshibaLED_I2C.cpp" />
		<Unit filename="libraries/AP_Notify/ToshibaLED_I2C.h" />
		<Unit filename="libraries/AP_Notify/VRBoard_LED.cpp" />
		<Unit filename="libraries/AP_Notify/VRBoard_LED.h" />
		<Unit filename="libraries/AP_OSD/AP_OSD.cpp" />
		<Unit filename="libraries/AP_OSD/AP_OSD.h" />
		<Unit filename="libraries/AP_OSD/AP_OSD_dequeue.cpp" />
		<Unit filename="libraries/AP_OSD/AP_OSD_dequeue.h" />
		<Unit filename="libraries/AP_OSD/AP_OSD_enqueue.cpp" />
		<Unit filename="libraries/AP_OSD/AP_OSD_enqueue.h" />
		<Unit filename="libraries/AP_OSD/bitmaps.cpp" />
		<Unit filename="libraries/AP_OSD/bitmaps.hpp" />
		<Unit filename="libraries/AP_OSD/draw_airspeed.cpp" />
		<Unit filename="libraries/AP_OSD/draw_altitude_scale.cpp" />
		<Unit filename="libraries/AP_OSD/draw_artificial_horizon.cpp" />
		<Unit filename="libraries/AP_OSD/draw_batteries.cpp" />
		<Unit filename="libraries/AP_OSD/draw_compass.cpp" />
		<Unit filename="libraries/AP_OSD/draw_control_mode.cpp" />
		<Unit filename="libraries/AP_OSD/draw_gps.cpp" />
		<Unit filename="libraries/AP_OSD/draw_homeinfo.cpp" />
		<Unit filename="libraries/AP_OSD/fonts.hpp" />
		<Unit filename="libraries/AP_Param/AP_Param.cpp" />
		<Unit filename="libraries/AP_Param/AP_Param.h" />
		<Unit filename="libraries/AP_Progmem/AP_Progmem.h" />
		<Unit filename="libraries/AP_RCMapper/AP_RCMapper.cpp" />
		<Unit filename="libraries/AP_RCMapper/AP_RCMapper.h" />
		<Unit filename="libraries/AP_Rally/AP_Rally.cpp" />
		<Unit filename="libraries/AP_Rally/AP_Rally.h" />
		<Unit filename="libraries/AP_SerialManager/AP_SerialManager.cpp" />
		<Unit filename="libraries/AP_SerialManager/AP_SerialManager.h" />
		<Unit filename="libraries/AP_SpdHgtControl/AP_SpdHgtControl.h" />
		<Unit filename="libraries/AP_TECS/AP_TECS.cpp" />
		<Unit filename="libraries/AP_TECS/AP_TECS.h" />
		<Unit filename="libraries/AP_Vehicle/AP_Vehicle.h" />
		<Unit filename="libraries/AP_Vehicle/AP_Vehicle_Type.h" />
		<Unit filename="libraries/DataFlash/DFMessageWriter.cpp" />
		<Unit filename="libraries/DataFlash/DFMessageWriter.h" />
		<Unit filename="libraries/DataFlash/DataFlash.cpp" />
		<Unit filename="libraries/DataFlash/DataFlash.h" />
		<Unit filename="libraries/DataFlash/DataFlash_Backend.cpp" />
		<Unit filename="libraries/DataFlash/DataFlash_Backend.h" />
		<Unit filename="libraries/DataFlash/DataFlash_Block.cpp" />
		<Unit filename="libraries/DataFlash/DataFlash_Block.h" />
		<Unit filename="libraries/DataFlash/DataFlash_Empty.cpp" />
		<Unit filename="libraries/DataFlash/DataFlash_Empty.h" />
		<Unit filename="libraries/DataFlash/DataFlash_File.cpp" />
		<Unit filename="libraries/DataFlash/DataFlash_File.h" />
		<Unit filename="libraries/DataFlash/DataFlash_Quan.h" />
		<Unit filename="libraries/DataFlash/DataFlash_SITL.cpp" />
		<Unit filename="libraries/DataFlash/DataFlash_SITL.h" />
		<Unit filename="libraries/DataFlash/LogFile.cpp" />
		<Unit filename="libraries/GCS_MAVLink/GCS.h" />
		<Unit filename="libraries/GCS_MAVLink/GCS_Common.cpp" />
		<Unit filename="libraries/GCS_MAVLink/GCS_Logs.cpp" />
		<Unit filename="libraries/GCS_MAVLink/GCS_MAVLink.cpp" />
		<Unit filename="libraries/GCS_MAVLink/GCS_MAVLink.h" />
		<Unit filename="libraries/GCS_MAVLink/GCS_serial_control.cpp" />
		<Unit filename="libraries/GCS_MAVLink/MAVLink_routing.cpp" />
		<Unit filename="libraries/GCS_MAVLink/MAVLink_routing.h" />
		<Unit filename="libraries/GCS_MAVLink/generate.sh" />
		<Unit filename="libraries/GCS_MAVLink/include/mavlink/v1.0/ardupilotmega/mavlink.h" />
		<Unit filename="libraries/GCS_MAVLink/include/mavlink/v1.0/mavlink_helpers.h" />
		<Unit filename="libraries/RC_Channel/FlightAxes.h" />
		<Unit filename="libraries/RC_Channel/FlightControl.h" />
		<Unit filename="libraries/RC_Channel/JoystickInput.cpp" />
		<Unit filename="libraries/RC_Channel/JoystickInput.h" />
		<Unit filename="libraries/RC_Channel/JoystickInput_base.h" />
		<Unit filename="libraries/SITL/SIM_ADSB.cpp" />
		<Unit filename="libraries/SITL/SIM_ADSB.h" />
		<Unit filename="libraries/SITL/SIM_Aircraft.cpp" />
		<Unit filename="libraries/SITL/SIM_Aircraft.h" />
		<Unit filename="libraries/SITL/SIM_Balloon.cpp" />
		<Unit filename="libraries/SITL/SIM_Balloon.h" />
		<Unit filename="libraries/SITL/SIM_CRRCSim.cpp" />
		<Unit filename="libraries/SITL/SIM_CRRCSim.h" />
		<Unit filename="libraries/SITL/SIM_Gazebo.cpp" />
		<Unit filename="libraries/SITL/SIM_Gazebo.h" />
		<Unit filename="libraries/SITL/SIM_Gimbal.cpp" />
		<Unit filename="libraries/SITL/SIM_Gimbal.h" />
		<Unit filename="libraries/SITL/SIM_Helicopter.cpp" />
		<Unit filename="libraries/SITL/SIM_Helicopter.h" />
		<Unit filename="libraries/SITL/SIM_JSBSim.cpp" />
		<Unit filename="libraries/SITL/SIM_JSBSim.h" />
		<Unit filename="libraries/SITL/SIM_Multicopter.cpp" />
		<Unit filename="libraries/SITL/SIM_Multicopter.h" />
		<Unit filename="libraries/SITL/SIM_Rover.cpp" />
		<Unit filename="libraries/SITL/SIM_Rover.h" />
		<Unit filename="libraries/SITL/SIM_Tracker.cpp" />
		<Unit filename="libraries/SITL/SIM_Tracker.h" />
		<Unit filename="libraries/SITL/SIM_last_letter.cpp" />
		<Unit filename="libraries/SITL/SIM_last_letter.h" />
		<Unit filename="libraries/SITL/SITL.cpp" />
		<Unit filename="libraries/SITL/SITL.h" />
		<Unit filename="libraries/StorageManager/StorageManager.cpp" />
		<Unit filename="libraries/StorageManager/StorageManager.h" />
		<Unit filename="mk/apm.mk" />
		<Unit filename="mk/board_quan.mk" />
		<Unit filename="mk/board_sitl.mk" />
		<Unit filename="mk/build_rules.mk" />
		<Unit filename="mk/configure.mk" />
		<Unit filename="mk/environ.mk" />
		<Unit filename="mk/find_tools.mk" />
		<Unit filename="mk/help.mk" />
		<Unit filename="mk/sketch_sources.mk" />
		<Unit filename="mk/targets.mk" />
		<Unit filename="versions/aerfpilot_demo_rig_Params_V3.4.1_27_May_2022.txt" />
		<Extensions>
			<code_completion>
				<search_path add="/home/andy/cpp/projects/aerfpilot/libraries" />
				<search_path add="/home/andy/cpp/projects/quan-trunk" />
			</code_completion>
		</Extensions>
	</Project>
</CodeBlocks_project_file>
